
Microsoft Visual Studio Solution File, Format Version 12.00
# Visual Studio Version 17
VisualStudioVersion = 17.0.31903.59
MinimumVisualStudioVersion = 10.0.40219.1
Project("{FAE04EC0-301F-11D3-BF4B-00C04F79EFBC}") = "API", "API\API.csproj", "{ADFC976A-4B3A-446C-A76A-DAC0EE843BCF}"
EndProject
Global
	GlobalSection(SolutionConfigurationPlatforms) = preSolution
		Debug|Any CPU = Debug|Any CPU
		Release|Any CPU = Release|Any CPU
	EndGlobalSection
	GlobalSection(SolutionProperties) = preSolution
		HideSolutionNode = FALSE
	EndGlobalSection
	GlobalSection(ProjectConfigurationPlatforms) = postSolution
		{ADFC976A-4B3A-446C-A76A-DAC0EE843BCF}.Debug|Any CPU.ActiveCfg = Debug|Any CPU
		{ADFC976A-4B3A-446C-A76A-DAC0EE843BCF}.Debug|Any CPU.Build.0 = Debug|Any CPU
		{ADFC976A-4B3A-446C-A76A-DAC0EE843BCF}.Release|Any CPU.ActiveCfg = Release|Any CPU
		{ADFC976A-4B3A-446C-A76A-DAC0EE843BCF}.Release|Any CPU.Build.0 = Release|Any CPU
	EndGlobalSection
EndGlobal
